PODS:
  - audio_waveforms (0.0.1):
    - Flutter
  - ffmpeg_kit_flutter_new (1.0.0):
    - ffmpeg_kit_flutter_new/full-gpl (= 1.0.0)
    - Flutter
  - ffmpeg_kit_flutter_new/full-gpl (1.0.0):
    - Flutter
  - Flutter (1.0.0)
  - permission_handler_apple (9.3.0):
    - Flutter
  - record_ios (1.2.0):
    - Flutter

DEPENDENCIES:
  - audio_waveforms (from `.symlinks/plugins/audio_waveforms/ios`)
  - ffmpeg_kit_flutter_new (from `.symlinks/plugins/ffmpeg_kit_flutter_new/ios`)
  - Flutter (from `Flutter`)
  - permission_handler_apple (from `.symlinks/plugins/permission_handler_apple/ios`)
  - record_ios (from `.symlinks/plugins/record_ios/ios`)

EXTERNAL SOURCES:
  audio_waveforms:
    :path: ".symlinks/plugins/audio_waveforms/ios"
  ffmpeg_kit_flutter_new:
    :path: ".symlinks/plugins/ffmpeg_kit_flutter_new/ios"
  Flutter:
    :path: Flutter
  permission_handler_apple:
    :path: ".symlinks/plugins/permission_handler_apple/ios"
  record_ios:
    :path: ".symlinks/plugins/record_ios/ios"

SPEC CHECKSUMS:
  audio_waveforms: a6dde7fe7c0ea05f06ffbdb0f7c1b2b2ba6cedcf
  ffmpeg_kit_flutter_new: 12426a19f10ac81186c67c6ebc4717f8f4364b7f
  Flutter: cabc95a1d2626b1b06e7179b784ebcf0c0cde467
  permission_handler_apple: 4ed2196e43d0651e8ff7ca3483a069d469701f2d
  record_ios: 412daca2350b228e698fffcd08f1f94ceb1e3844

PODFILE CHECKSUM: d71a8f9d234bf288cee64b372c30c196c8075224

COCOAPODS: 1.16.2
